
Microsoft Visual Studio Solution File, Format Version 12.00
# Visual Studio Version 16
VisualStudioVersion = 16.0.31624.102
MinimumVisualStudioVersion = 10.0.40219.1
Project("{8BC9CEB8-8B4A-11D0-8D11-00A0C91BC942}") = "실습10", "실습10.vcxproj", "{210FAE3D-C782-4AFE-B026-5FF3ABDBAC19}"
EndProject
Global
	GlobalSection(SolutionConfigurationPlatforms) = preSolution
		Debug|x64 = Debug|x64
		Debug|x86 = Debug|x86
		Release|x64 = Release|x64
		Release|x86 = Release|x86
	EndGlobalSection
	GlobalSection(ProjectConfigurationPlatforms) = postSolution
		{210FAE3D-C782-4AFE-B026-5FF3ABDBAC19}.Debug|x64.ActiveCfg = Debug|x64
		{210FAE3D-C782-4AFE-B026-5FF3ABDBAC19}.Debug|x64.Build.0 = Debug|x64
		{210FAE3D-C782-4AFE-B026-5FF3ABDBAC19}.Debug|x86.ActiveCfg = Debug|Win32
		{210FAE3D-C782-4AFE-B026-5FF3ABDBAC19}.Debug|x86.Build.0 = Debug|Win32
		{210FAE3D-C782-4AFE-B026-5FF3ABDBAC19}.Release|x64.ActiveCfg = Release|x64
		{210FAE3D-C782-4AFE-B026-5FF3ABDBAC19}.Release|x64.Build.0 = Release|x64
		{210FAE3D-C782-4AFE-B026-5FF3ABDBAC19}.Release|x86.ActiveCfg = Release|Win32
		{210FAE3D-C782-4AFE-B026-5FF3ABDBAC19}.Release|x86.Build.0 = Release|Win32
	EndGlobalSection
	GlobalSection(SolutionProperties) = preSolution
		HideSolutionNode = FALSE
	EndGlobalSection
	GlobalSection(ExtensibilityGlobals) = postSolution
		SolutionGuid = {4F848125-0AB6-4813-966D-52A21726CA65}
	EndGlobalSection
EndGlobal
